
Microsoft Visual Studio Solution File, Format Version 12.00
# Visual Studio 15
VisualStudioVersion = 15.0.28307.902
MinimumVisualStudioVersion = 10.0.40219.1
Project("{8BC9CEB8-8B4A-11D0-8D11-00A0C91BC942}") = "20191208", "20191208\20191208.vcxproj", "{9499A658-053A-4F04-8A06-D7D8860F16E9}"
EndProject
Global
	GlobalSection(SolutionConfigurationPlatforms) = preSolution
		Debug|x64 = Debug|x64
		Debug|x86 = Debug|x86
		Release|x64 = Release|x64
		Release|x86 = Release|x86
	EndGlobalSection
	GlobalSection(ProjectConfigurationPlatforms) = postSolution
		{9499A658-053A-4F04-8A06-D7D8860F16E9}.Debug|x64.ActiveCfg = Debug|x64
		{9499A658-053A-4F04-8A06-D7D8860F16E9}.Debug|x64.Build.0 = Debug|x64
		{9499A658-053A-4F04-8A06-D7D8860F16E9}.Debug|x86.ActiveCfg = Debug|Win32
		{9499A658-053A-4F04-8A06-D7D8860F16E9}.Debug|x86.Build.0 = Debug|Win32
		{9499A658-053A-4F04-8A06-D7D8860F16E9}.Release|x64.ActiveCfg = Release|x64
		{9499A658-053A-4F04-8A06-D7D8860F16E9}.Release|x64.Build.0 = Release|x64
		{9499A658-053A-4F04-8A06-D7D8860F16E9}.Release|x86.ActiveCfg = Release|Win32
		{9499A658-053A-4F04-8A06-D7D8860F16E9}.Release|x86.Build.0 = Release|Win32
	EndGlobalSection
	GlobalSection(SolutionProperties) = preSolution
		HideSolutionNode = FALSE
	EndGlobalSection
	GlobalSection(ExtensibilityGlobals) = postSolution
		SolutionGuid = {2FDB74BE-3D2E-4F7E-B839-CC9B50583A1F}
	EndGlobalSection
EndGlobal
