
Microsoft Visual Studio Solution File, Format Version 12.00
# Visual Studio 15
VisualStudioVersion = 15.0.28307.902
MinimumVisualStudioVersion = 10.0.40219.1
Project("{8BC9CEB8-8B4A-11D0-8D11-00A0C91BC942}") = "20200422", "20200422\20200422.vcxproj", "{10E3D48B-9CCE-49D2-BBFC-B68DF2A131EE}"
EndProject
Global
	GlobalSection(SolutionConfigurationPlatforms) = preSolution
		Debug|x64 = Debug|x64
		Debug|x86 = Debug|x86
		Release|x64 = Release|x64
		Release|x86 = Release|x86
	EndGlobalSection
	GlobalSection(ProjectConfigurationPlatforms) = postSolution
		{10E3D48B-9CCE-49D2-BBFC-B68DF2A131EE}.Debug|x64.ActiveCfg = Debug|x64
		{10E3D48B-9CCE-49D2-BBFC-B68DF2A131EE}.Debug|x64.Build.0 = Debug|x64
		{10E3D48B-9CCE-49D2-BBFC-B68DF2A131EE}.Debug|x86.ActiveCfg = Debug|Win32
		{10E3D48B-9CCE-49D2-BBFC-B68DF2A131EE}.Debug|x86.Build.0 = Debug|Win32
		{10E3D48B-9CCE-49D2-BBFC-B68DF2A131EE}.Release|x64.ActiveCfg = Release|x64
		{10E3D48B-9CCE-49D2-BBFC-B68DF2A131EE}.Release|x64.Build.0 = Release|x64
		{10E3D48B-9CCE-49D2-BBFC-B68DF2A131EE}.Release|x86.ActiveCfg = Release|Win32
		{10E3D48B-9CCE-49D2-BBFC-B68DF2A131EE}.Release|x86.Build.0 = Release|Win32
	EndGlobalSection
	GlobalSection(SolutionProperties) = preSolution
		HideSolutionNode = FALSE
	EndGlobalSection
	GlobalSection(ExtensibilityGlobals) = postSolution
		SolutionGuid = {EFC32370-6C67-4727-AE8C-060AC63DDB02}
	EndGlobalSection
EndGlobal
