
Microsoft Visual Studio Solution File, Format Version 12.00
# Visual Studio 15
VisualStudioVersion = 15.0.28307.902
MinimumVisualStudioVersion = 10.0.40219.1
Project("{8BC9CEB8-8B4A-11D0-8D11-00A0C91BC942}") = "20191205", "20191205\20191205.vcxproj", "{4A66406D-E104-4499-8652-5E450076A2AB}"
EndProject
Global
	GlobalSection(SolutionConfigurationPlatforms) = preSolution
		Debug|x64 = Debug|x64
		Debug|x86 = Debug|x86
		Release|x64 = Release|x64
		Release|x86 = Release|x86
	EndGlobalSection
	GlobalSection(ProjectConfigurationPlatforms) = postSolution
		{4A66406D-E104-4499-8652-5E450076A2AB}.Debug|x64.ActiveCfg = Debug|x64
		{4A66406D-E104-4499-8652-5E450076A2AB}.Debug|x64.Build.0 = Debug|x64
		{4A66406D-E104-4499-8652-5E450076A2AB}.Debug|x86.ActiveCfg = Debug|Win32
		{4A66406D-E104-4499-8652-5E450076A2AB}.Debug|x86.Build.0 = Debug|Win32
		{4A66406D-E104-4499-8652-5E450076A2AB}.Release|x64.ActiveCfg = Release|x64
		{4A66406D-E104-4499-8652-5E450076A2AB}.Release|x64.Build.0 = Release|x64
		{4A66406D-E104-4499-8652-5E450076A2AB}.Release|x86.ActiveCfg = Release|Win32
		{4A66406D-E104-4499-8652-5E450076A2AB}.Release|x86.Build.0 = Release|Win32
	EndGlobalSection
	GlobalSection(SolutionProperties) = preSolution
		HideSolutionNode = FALSE
	EndGlobalSection
	GlobalSection(ExtensibilityGlobals) = postSolution
		SolutionGuid = {6759A1EF-3B3D-4726-BA8E-9D571E2A0503}
	EndGlobalSection
EndGlobal
