
Microsoft Visual Studio Solution File, Format Version 12.00
# Visual Studio 15
VisualStudioVersion = 15.0.28307.902
MinimumVisualStudioVersion = 10.0.40219.1
Project("{8BC9CEB8-8B4A-11D0-8D11-00A0C91BC942}") = "20191223", "20191223\20191223.vcxproj", "{14DC09BE-F8BB-45D7-94C7-D1FE6A759B59}"
EndProject
Global
	GlobalSection(SolutionConfigurationPlatforms) = preSolution
		Debug|x64 = Debug|x64
		Debug|x86 = Debug|x86
		Release|x64 = Release|x64
		Release|x86 = Release|x86
	EndGlobalSection
	GlobalSection(ProjectConfigurationPlatforms) = postSolution
		{14DC09BE-F8BB-45D7-94C7-D1FE6A759B59}.Debug|x64.ActiveCfg = Debug|x64
		{14DC09BE-F8BB-45D7-94C7-D1FE6A759B59}.Debug|x64.Build.0 = Debug|x64
		{14DC09BE-F8BB-45D7-94C7-D1FE6A759B59}.Debug|x86.ActiveCfg = Debug|Win32
		{14DC09BE-F8BB-45D7-94C7-D1FE6A759B59}.Debug|x86.Build.0 = Debug|Win32
		{14DC09BE-F8BB-45D7-94C7-D1FE6A759B59}.Release|x64.ActiveCfg = Release|x64
		{14DC09BE-F8BB-45D7-94C7-D1FE6A759B59}.Release|x64.Build.0 = Release|x64
		{14DC09BE-F8BB-45D7-94C7-D1FE6A759B59}.Release|x86.ActiveCfg = Release|Win32
		{14DC09BE-F8BB-45D7-94C7-D1FE6A759B59}.Release|x86.Build.0 = Release|Win32
	EndGlobalSection
	GlobalSection(SolutionProperties) = preSolution
		HideSolutionNode = FALSE
	EndGlobalSection
	GlobalSection(ExtensibilityGlobals) = postSolution
		SolutionGuid = {E913F1FA-AD12-4D20-BD28-240B903E42D0}
	EndGlobalSection
EndGlobal
