
Microsoft Visual Studio Solution File, Format Version 12.00
# Visual Studio 15
VisualStudioVersion = 15.0.28307.902
MinimumVisualStudioVersion = 10.0.40219.1
Project("{8BC9CEB8-8B4A-11D0-8D11-00A0C91BC942}") = "20200920", "20200920\20200920.vcxproj", "{13638764-17CF-47DF-AB43-E00531DD9E75}"
EndProject
Global
	GlobalSection(SolutionConfigurationPlatforms) = preSolution
		Debug|x64 = Debug|x64
		Debug|x86 = Debug|x86
		Release|x64 = Release|x64
		Release|x86 = Release|x86
	EndGlobalSection
	GlobalSection(ProjectConfigurationPlatforms) = postSolution
		{13638764-17CF-47DF-AB43-E00531DD9E75}.Debug|x64.ActiveCfg = Debug|x64
		{13638764-17CF-47DF-AB43-E00531DD9E75}.Debug|x64.Build.0 = Debug|x64
		{13638764-17CF-47DF-AB43-E00531DD9E75}.Debug|x86.ActiveCfg = Debug|Win32
		{13638764-17CF-47DF-AB43-E00531DD9E75}.Debug|x86.Build.0 = Debug|Win32
		{13638764-17CF-47DF-AB43-E00531DD9E75}.Release|x64.ActiveCfg = Release|x64
		{13638764-17CF-47DF-AB43-E00531DD9E75}.Release|x64.Build.0 = Release|x64
		{13638764-17CF-47DF-AB43-E00531DD9E75}.Release|x86.ActiveCfg = Release|Win32
		{13638764-17CF-47DF-AB43-E00531DD9E75}.Release|x86.Build.0 = Release|Win32
	EndGlobalSection
	GlobalSection(SolutionProperties) = preSolution
		HideSolutionNode = FALSE
	EndGlobalSection
	GlobalSection(ExtensibilityGlobals) = postSolution
		SolutionGuid = {E3762DA6-9CFC-4901-AC37-7F643825D213}
	EndGlobalSection
EndGlobal
