
Microsoft Visual Studio Solution File, Format Version 12.00
# Visual Studio 15
VisualStudioVersion = 15.0.28307.902
MinimumVisualStudioVersion = 10.0.40219.1
Project("{8BC9CEB8-8B4A-11D0-8D11-00A0C91BC942}") = "20191207", "20191207\20191207.vcxproj", "{43A944EF-8C6E-4699-911F-E4A7B032950F}"
EndProject
Global
	GlobalSection(SolutionConfigurationPlatforms) = preSolution
		Debug|x64 = Debug|x64
		Debug|x86 = Debug|x86
		Release|x64 = Release|x64
		Release|x86 = Release|x86
	EndGlobalSection
	GlobalSection(ProjectConfigurationPlatforms) = postSolution
		{43A944EF-8C6E-4699-911F-E4A7B032950F}.Debug|x64.ActiveCfg = Debug|x64
		{43A944EF-8C6E-4699-911F-E4A7B032950F}.Debug|x64.Build.0 = Debug|x64
		{43A944EF-8C6E-4699-911F-E4A7B032950F}.Debug|x86.ActiveCfg = Debug|Win32
		{43A944EF-8C6E-4699-911F-E4A7B032950F}.Debug|x86.Build.0 = Debug|Win32
		{43A944EF-8C6E-4699-911F-E4A7B032950F}.Release|x64.ActiveCfg = Release|x64
		{43A944EF-8C6E-4699-911F-E4A7B032950F}.Release|x64.Build.0 = Release|x64
		{43A944EF-8C6E-4699-911F-E4A7B032950F}.Release|x86.ActiveCfg = Release|Win32
		{43A944EF-8C6E-4699-911F-E4A7B032950F}.Release|x86.Build.0 = Release|Win32
	EndGlobalSection
	GlobalSection(SolutionProperties) = preSolution
		HideSolutionNode = FALSE
	EndGlobalSection
	GlobalSection(ExtensibilityGlobals) = postSolution
		SolutionGuid = {04CDD0F9-3145-4A27-B4A8-5A0D35621AC4}
	EndGlobalSection
EndGlobal
