
Microsoft Visual Studio Solution File, Format Version 12.00
# Visual Studio 15
VisualStudioVersion = 15.0.28307.902
MinimumVisualStudioVersion = 10.0.40219.1
Project("{8BC9CEB8-8B4A-11D0-8D11-00A0C91BC942}") = "20200909", "20200909\20200909.vcxproj", "{657344F6-9ADE-4CB2-96D7-14B984B00297}"
EndProject
Global
	GlobalSection(SolutionConfigurationPlatforms) = preSolution
		Debug|x64 = Debug|x64
		Debug|x86 = Debug|x86
		Release|x64 = Release|x64
		Release|x86 = Release|x86
	EndGlobalSection
	GlobalSection(ProjectConfigurationPlatforms) = postSolution
		{657344F6-9ADE-4CB2-96D7-14B984B00297}.Debug|x64.ActiveCfg = Debug|x64
		{657344F6-9ADE-4CB2-96D7-14B984B00297}.Debug|x64.Build.0 = Debug|x64
		{657344F6-9ADE-4CB2-96D7-14B984B00297}.Debug|x86.ActiveCfg = Debug|Win32
		{657344F6-9ADE-4CB2-96D7-14B984B00297}.Debug|x86.Build.0 = Debug|Win32
		{657344F6-9ADE-4CB2-96D7-14B984B00297}.Release|x64.ActiveCfg = Release|x64
		{657344F6-9ADE-4CB2-96D7-14B984B00297}.Release|x64.Build.0 = Release|x64
		{657344F6-9ADE-4CB2-96D7-14B984B00297}.Release|x86.ActiveCfg = Release|Win32
		{657344F6-9ADE-4CB2-96D7-14B984B00297}.Release|x86.Build.0 = Release|Win32
	EndGlobalSection
	GlobalSection(SolutionProperties) = preSolution
		HideSolutionNode = FALSE
	EndGlobalSection
	GlobalSection(ExtensibilityGlobals) = postSolution
		SolutionGuid = {C7D18B23-CDD7-40F2-915B-7CB163E8C56C}
	EndGlobalSection
EndGlobal
