
Microsoft Visual Studio Solution File, Format Version 12.00
# Visual Studio 15
VisualStudioVersion = 15.0.28307.106
MinimumVisualStudioVersion = 10.0.40219.1
Project("{8BC9CEB8-8B4A-11D0-8D11-00A0C91BC942}") = "20191128", "20191128\20191128.vcxproj", "{2CEFAAB2-7285-4CD9-9B06-2C3997CE437D}"
EndProject
Global
	GlobalSection(SolutionConfigurationPlatforms) = preSolution
		Debug|x64 = Debug|x64
		Debug|x86 = Debug|x86
		Release|x64 = Release|x64
		Release|x86 = Release|x86
	EndGlobalSection
	GlobalSection(ProjectConfigurationPlatforms) = postSolution
		{2CEFAAB2-7285-4CD9-9B06-2C3997CE437D}.Debug|x64.ActiveCfg = Debug|x64
		{2CEFAAB2-7285-4CD9-9B06-2C3997CE437D}.Debug|x64.Build.0 = Debug|x64
		{2CEFAAB2-7285-4CD9-9B06-2C3997CE437D}.Debug|x86.ActiveCfg = Debug|Win32
		{2CEFAAB2-7285-4CD9-9B06-2C3997CE437D}.Debug|x86.Build.0 = Debug|Win32
		{2CEFAAB2-7285-4CD9-9B06-2C3997CE437D}.Release|x64.ActiveCfg = Release|x64
		{2CEFAAB2-7285-4CD9-9B06-2C3997CE437D}.Release|x64.Build.0 = Release|x64
		{2CEFAAB2-7285-4CD9-9B06-2C3997CE437D}.Release|x86.ActiveCfg = Release|Win32
		{2CEFAAB2-7285-4CD9-9B06-2C3997CE437D}.Release|x86.Build.0 = Release|Win32
	EndGlobalSection
	GlobalSection(SolutionProperties) = preSolution
		HideSolutionNode = FALSE
	EndGlobalSection
	GlobalSection(ExtensibilityGlobals) = postSolution
		SolutionGuid = {0CC27650-0A54-484F-B022-1B5C90C9165D}
	EndGlobalSection
EndGlobal
