
Microsoft Visual Studio Solution File, Format Version 12.00
# Visual Studio 15
VisualStudioVersion = 15.0.28307.106
MinimumVisualStudioVersion = 10.0.40219.1
Project("{8BC9CEB8-8B4A-11D0-8D11-00A0C91BC942}") = "20191112", "20191112\20191112.vcxproj", "{7EA123C9-F4F8-461B-9456-0067053BE9AB}"
EndProject
Global
	GlobalSection(SolutionConfigurationPlatforms) = preSolution
		Debug|x64 = Debug|x64
		Debug|x86 = Debug|x86
		Release|x64 = Release|x64
		Release|x86 = Release|x86
	EndGlobalSection
	GlobalSection(ProjectConfigurationPlatforms) = postSolution
		{7EA123C9-F4F8-461B-9456-0067053BE9AB}.Debug|x64.ActiveCfg = Debug|x64
		{7EA123C9-F4F8-461B-9456-0067053BE9AB}.Debug|x64.Build.0 = Debug|x64
		{7EA123C9-F4F8-461B-9456-0067053BE9AB}.Debug|x86.ActiveCfg = Debug|Win32
		{7EA123C9-F4F8-461B-9456-0067053BE9AB}.Debug|x86.Build.0 = Debug|Win32
		{7EA123C9-F4F8-461B-9456-0067053BE9AB}.Release|x64.ActiveCfg = Release|x64
		{7EA123C9-F4F8-461B-9456-0067053BE9AB}.Release|x64.Build.0 = Release|x64
		{7EA123C9-F4F8-461B-9456-0067053BE9AB}.Release|x86.ActiveCfg = Release|Win32
		{7EA123C9-F4F8-461B-9456-0067053BE9AB}.Release|x86.Build.0 = Release|Win32
	EndGlobalSection
	GlobalSection(SolutionProperties) = preSolution
		HideSolutionNode = FALSE
	EndGlobalSection
	GlobalSection(ExtensibilityGlobals) = postSolution
		SolutionGuid = {3FF0DB3F-289A-479A-9B28-6EA7AABC0845}
	EndGlobalSection
EndGlobal
