
Microsoft Visual Studio Solution File, Format Version 12.00
# Visual Studio 15
VisualStudioVersion = 15.0.28307.902
MinimumVisualStudioVersion = 10.0.40219.1
Project("{8BC9CEB8-8B4A-11D0-8D11-00A0C91BC942}") = "20191216", "20191216\20191216.vcxproj", "{1FAF1D9F-D69D-4239-A44C-7A7730A25295}"
EndProject
Global
	GlobalSection(SolutionConfigurationPlatforms) = preSolution
		Debug|x64 = Debug|x64
		Debug|x86 = Debug|x86
		Release|x64 = Release|x64
		Release|x86 = Release|x86
	EndGlobalSection
	GlobalSection(ProjectConfigurationPlatforms) = postSolution
		{1FAF1D9F-D69D-4239-A44C-7A7730A25295}.Debug|x64.ActiveCfg = Debug|x64
		{1FAF1D9F-D69D-4239-A44C-7A7730A25295}.Debug|x64.Build.0 = Debug|x64
		{1FAF1D9F-D69D-4239-A44C-7A7730A25295}.Debug|x86.ActiveCfg = Debug|Win32
		{1FAF1D9F-D69D-4239-A44C-7A7730A25295}.Debug|x86.Build.0 = Debug|Win32
		{1FAF1D9F-D69D-4239-A44C-7A7730A25295}.Release|x64.ActiveCfg = Release|x64
		{1FAF1D9F-D69D-4239-A44C-7A7730A25295}.Release|x64.Build.0 = Release|x64
		{1FAF1D9F-D69D-4239-A44C-7A7730A25295}.Release|x86.ActiveCfg = Release|Win32
		{1FAF1D9F-D69D-4239-A44C-7A7730A25295}.Release|x86.Build.0 = Release|Win32
	EndGlobalSection
	GlobalSection(SolutionProperties) = preSolution
		HideSolutionNode = FALSE
	EndGlobalSection
	GlobalSection(ExtensibilityGlobals) = postSolution
		SolutionGuid = {B3DE27A1-284E-4497-A2F2-550195FD1229}
	EndGlobalSection
EndGlobal
