
Microsoft Visual Studio Solution File, Format Version 12.00
# Visual Studio 15
VisualStudioVersion = 15.0.28307.902
MinimumVisualStudioVersion = 10.0.40219.1
Project("{8BC9CEB8-8B4A-11D0-8D11-00A0C91BC942}") = "20200715", "20200715\20200715.vcxproj", "{0B83D47C-8B09-4234-8803-BA896CD70467}"
EndProject
Global
	GlobalSection(SolutionConfigurationPlatforms) = preSolution
		Debug|x64 = Debug|x64
		Debug|x86 = Debug|x86
		Release|x64 = Release|x64
		Release|x86 = Release|x86
	EndGlobalSection
	GlobalSection(ProjectConfigurationPlatforms) = postSolution
		{0B83D47C-8B09-4234-8803-BA896CD70467}.Debug|x64.ActiveCfg = Debug|x64
		{0B83D47C-8B09-4234-8803-BA896CD70467}.Debug|x64.Build.0 = Debug|x64
		{0B83D47C-8B09-4234-8803-BA896CD70467}.Debug|x86.ActiveCfg = Debug|Win32
		{0B83D47C-8B09-4234-8803-BA896CD70467}.Debug|x86.Build.0 = Debug|Win32
		{0B83D47C-8B09-4234-8803-BA896CD70467}.Release|x64.ActiveCfg = Release|x64
		{0B83D47C-8B09-4234-8803-BA896CD70467}.Release|x64.Build.0 = Release|x64
		{0B83D47C-8B09-4234-8803-BA896CD70467}.Release|x86.ActiveCfg = Release|Win32
		{0B83D47C-8B09-4234-8803-BA896CD70467}.Release|x86.Build.0 = Release|Win32
	EndGlobalSection
	GlobalSection(SolutionProperties) = preSolution
		HideSolutionNode = FALSE
	EndGlobalSection
	GlobalSection(ExtensibilityGlobals) = postSolution
		SolutionGuid = {F0FB37C4-CD2C-43C2-A139-50E92AD82531}
	EndGlobalSection
EndGlobal
