
Microsoft Visual Studio Solution File, Format Version 12.00
# Visual Studio 15
VisualStudioVersion = 15.0.28307.902
MinimumVisualStudioVersion = 10.0.40219.1
Project("{8BC9CEB8-8B4A-11D0-8D11-00A0C91BC942}") = "20200316", "20200316\20200316.vcxproj", "{FB943E7D-7EAC-4734-81C9-E4D05C6086ED}"
EndProject
Global
	GlobalSection(SolutionConfigurationPlatforms) = preSolution
		Debug|x64 = Debug|x64
		Debug|x86 = Debug|x86
		Release|x64 = Release|x64
		Release|x86 = Release|x86
	EndGlobalSection
	GlobalSection(ProjectConfigurationPlatforms) = postSolution
		{FB943E7D-7EAC-4734-81C9-E4D05C6086ED}.Debug|x64.ActiveCfg = Debug|x64
		{FB943E7D-7EAC-4734-81C9-E4D05C6086ED}.Debug|x64.Build.0 = Debug|x64
		{FB943E7D-7EAC-4734-81C9-E4D05C6086ED}.Debug|x86.ActiveCfg = Debug|Win32
		{FB943E7D-7EAC-4734-81C9-E4D05C6086ED}.Debug|x86.Build.0 = Debug|Win32
		{FB943E7D-7EAC-4734-81C9-E4D05C6086ED}.Release|x64.ActiveCfg = Release|x64
		{FB943E7D-7EAC-4734-81C9-E4D05C6086ED}.Release|x64.Build.0 = Release|x64
		{FB943E7D-7EAC-4734-81C9-E4D05C6086ED}.Release|x86.ActiveCfg = Release|Win32
		{FB943E7D-7EAC-4734-81C9-E4D05C6086ED}.Release|x86.Build.0 = Release|Win32
	EndGlobalSection
	GlobalSection(SolutionProperties) = preSolution
		HideSolutionNode = FALSE
	EndGlobalSection
	GlobalSection(ExtensibilityGlobals) = postSolution
		SolutionGuid = {3C45CF07-E7A0-4038-8773-048B5D81A5DB}
	EndGlobalSection
EndGlobal
