
Microsoft Visual Studio Solution File, Format Version 12.00
# Visual Studio 15
VisualStudioVersion = 15.0.28307.106
MinimumVisualStudioVersion = 10.0.40219.1
Project("{8BC9CEB8-8B4A-11D0-8D11-00A0C91BC942}") = "20191120", "20191120\20191120.vcxproj", "{D5066810-6EB1-4277-B56A-5AE2FB18F9CF}"
EndProject
Global
	GlobalSection(SolutionConfigurationPlatforms) = preSolution
		Debug|x64 = Debug|x64
		Debug|x86 = Debug|x86
		Release|x64 = Release|x64
		Release|x86 = Release|x86
	EndGlobalSection
	GlobalSection(ProjectConfigurationPlatforms) = postSolution
		{D5066810-6EB1-4277-B56A-5AE2FB18F9CF}.Debug|x64.ActiveCfg = Debug|x64
		{D5066810-6EB1-4277-B56A-5AE2FB18F9CF}.Debug|x64.Build.0 = Debug|x64
		{D5066810-6EB1-4277-B56A-5AE2FB18F9CF}.Debug|x86.ActiveCfg = Debug|Win32
		{D5066810-6EB1-4277-B56A-5AE2FB18F9CF}.Debug|x86.Build.0 = Debug|Win32
		{D5066810-6EB1-4277-B56A-5AE2FB18F9CF}.Release|x64.ActiveCfg = Release|x64
		{D5066810-6EB1-4277-B56A-5AE2FB18F9CF}.Release|x64.Build.0 = Release|x64
		{D5066810-6EB1-4277-B56A-5AE2FB18F9CF}.Release|x86.ActiveCfg = Release|Win32
		{D5066810-6EB1-4277-B56A-5AE2FB18F9CF}.Release|x86.Build.0 = Release|Win32
	EndGlobalSection
	GlobalSection(SolutionProperties) = preSolution
		HideSolutionNode = FALSE
	EndGlobalSection
	GlobalSection(ExtensibilityGlobals) = postSolution
		SolutionGuid = {3EBF2041-43E5-40F5-A286-FB3C08BEABAF}
	EndGlobalSection
EndGlobal
