
Microsoft Visual Studio Solution File, Format Version 12.00
# Visual Studio 15
VisualStudioVersion = 15.0.28307.902
MinimumVisualStudioVersion = 10.0.40219.1
Project("{8BC9CEB8-8B4A-11D0-8D11-00A0C91BC942}") = "20200122", "20200122\20200122.vcxproj", "{C2FC9FFD-827E-4DC2-BE57-9C6E6B8E03D0}"
EndProject
Global
	GlobalSection(SolutionConfigurationPlatforms) = preSolution
		Debug|x64 = Debug|x64
		Debug|x86 = Debug|x86
		Release|x64 = Release|x64
		Release|x86 = Release|x86
	EndGlobalSection
	GlobalSection(ProjectConfigurationPlatforms) = postSolution
		{C2FC9FFD-827E-4DC2-BE57-9C6E6B8E03D0}.Debug|x64.ActiveCfg = Debug|x64
		{C2FC9FFD-827E-4DC2-BE57-9C6E6B8E03D0}.Debug|x64.Build.0 = Debug|x64
		{C2FC9FFD-827E-4DC2-BE57-9C6E6B8E03D0}.Debug|x86.ActiveCfg = Debug|Win32
		{C2FC9FFD-827E-4DC2-BE57-9C6E6B8E03D0}.Debug|x86.Build.0 = Debug|Win32
		{C2FC9FFD-827E-4DC2-BE57-9C6E6B8E03D0}.Release|x64.ActiveCfg = Release|x64
		{C2FC9FFD-827E-4DC2-BE57-9C6E6B8E03D0}.Release|x64.Build.0 = Release|x64
		{C2FC9FFD-827E-4DC2-BE57-9C6E6B8E03D0}.Release|x86.ActiveCfg = Release|Win32
		{C2FC9FFD-827E-4DC2-BE57-9C6E6B8E03D0}.Release|x86.Build.0 = Release|Win32
	EndGlobalSection
	GlobalSection(SolutionProperties) = preSolution
		HideSolutionNode = FALSE
	EndGlobalSection
	GlobalSection(ExtensibilityGlobals) = postSolution
		SolutionGuid = {DB2AAD4F-9EC0-457E-9069-55650C0C9598}
	EndGlobalSection
EndGlobal
