
Microsoft Visual Studio Solution File, Format Version 12.00
# Visual Studio 15
VisualStudioVersion = 15.0.28307.902
MinimumVisualStudioVersion = 10.0.40219.1
Project("{8BC9CEB8-8B4A-11D0-8D11-00A0C91BC942}") = "20200404", "20200404\20200404.vcxproj", "{23C368EB-968C-4A2F-B8A8-5CA399C0CACC}"
EndProject
Global
	GlobalSection(SolutionConfigurationPlatforms) = preSolution
		Debug|x64 = Debug|x64
		Debug|x86 = Debug|x86
		Release|x64 = Release|x64
		Release|x86 = Release|x86
	EndGlobalSection
	GlobalSection(ProjectConfigurationPlatforms) = postSolution
		{23C368EB-968C-4A2F-B8A8-5CA399C0CACC}.Debug|x64.ActiveCfg = Debug|x64
		{23C368EB-968C-4A2F-B8A8-5CA399C0CACC}.Debug|x64.Build.0 = Debug|x64
		{23C368EB-968C-4A2F-B8A8-5CA399C0CACC}.Debug|x86.ActiveCfg = Debug|Win32
		{23C368EB-968C-4A2F-B8A8-5CA399C0CACC}.Debug|x86.Build.0 = Debug|Win32
		{23C368EB-968C-4A2F-B8A8-5CA399C0CACC}.Release|x64.ActiveCfg = Release|x64
		{23C368EB-968C-4A2F-B8A8-5CA399C0CACC}.Release|x64.Build.0 = Release|x64
		{23C368EB-968C-4A2F-B8A8-5CA399C0CACC}.Release|x86.ActiveCfg = Release|Win32
		{23C368EB-968C-4A2F-B8A8-5CA399C0CACC}.Release|x86.Build.0 = Release|Win32
	EndGlobalSection
	GlobalSection(SolutionProperties) = preSolution
		HideSolutionNode = FALSE
	EndGlobalSection
	GlobalSection(ExtensibilityGlobals) = postSolution
		SolutionGuid = {A1FA6EDE-2CE1-45F8-BA31-30D303B22CE8}
	EndGlobalSection
EndGlobal
