
Microsoft Visual Studio Solution File, Format Version 12.00
# Visual Studio 15
VisualStudioVersion = 15.0.28307.902
MinimumVisualStudioVersion = 10.0.40219.1
Project("{8BC9CEB8-8B4A-11D0-8D11-00A0C91BC942}") = "20200914", "20200914\20200914.vcxproj", "{328A387B-D4E9-4001-8D03-5A010EA3E381}"
EndProject
Global
	GlobalSection(SolutionConfigurationPlatforms) = preSolution
		Debug|x64 = Debug|x64
		Debug|x86 = Debug|x86
		Release|x64 = Release|x64
		Release|x86 = Release|x86
	EndGlobalSection
	GlobalSection(ProjectConfigurationPlatforms) = postSolution
		{328A387B-D4E9-4001-8D03-5A010EA3E381}.Debug|x64.ActiveCfg = Debug|x64
		{328A387B-D4E9-4001-8D03-5A010EA3E381}.Debug|x64.Build.0 = Debug|x64
		{328A387B-D4E9-4001-8D03-5A010EA3E381}.Debug|x86.ActiveCfg = Debug|Win32
		{328A387B-D4E9-4001-8D03-5A010EA3E381}.Debug|x86.Build.0 = Debug|Win32
		{328A387B-D4E9-4001-8D03-5A010EA3E381}.Release|x64.ActiveCfg = Release|x64
		{328A387B-D4E9-4001-8D03-5A010EA3E381}.Release|x64.Build.0 = Release|x64
		{328A387B-D4E9-4001-8D03-5A010EA3E381}.Release|x86.ActiveCfg = Release|Win32
		{328A387B-D4E9-4001-8D03-5A010EA3E381}.Release|x86.Build.0 = Release|Win32
	EndGlobalSection
	GlobalSection(SolutionProperties) = preSolution
		HideSolutionNode = FALSE
	EndGlobalSection
	GlobalSection(ExtensibilityGlobals) = postSolution
		SolutionGuid = {97A97D74-9BA5-420B-813F-7A91E6686088}
	EndGlobalSection
EndGlobal
