
Microsoft Visual Studio Solution File, Format Version 12.00
# Visual Studio 15
VisualStudioVersion = 15.0.28307.106
MinimumVisualStudioVersion = 10.0.40219.1
Project("{8BC9CEB8-8B4A-11D0-8D11-00A0C91BC942}") = "test_7_28", "test_7_28\test_7_28.vcxproj", "{9289ACD9-3678-4947-8883-66DBE58EC9AB}"
EndProject
Global
	GlobalSection(SolutionConfigurationPlatforms) = preSolution
		Debug|x64 = Debug|x64
		Debug|x86 = Debug|x86
		Release|x64 = Release|x64
		Release|x86 = Release|x86
	EndGlobalSection
	GlobalSection(ProjectConfigurationPlatforms) = postSolution
		{9289ACD9-3678-4947-8883-66DBE58EC9AB}.Debug|x64.ActiveCfg = Debug|x64
		{9289ACD9-3678-4947-8883-66DBE58EC9AB}.Debug|x64.Build.0 = Debug|x64
		{9289ACD9-3678-4947-8883-66DBE58EC9AB}.Debug|x86.ActiveCfg = Debug|Win32
		{9289ACD9-3678-4947-8883-66DBE58EC9AB}.Debug|x86.Build.0 = Debug|Win32
		{9289ACD9-3678-4947-8883-66DBE58EC9AB}.Release|x64.ActiveCfg = Release|x64
		{9289ACD9-3678-4947-8883-66DBE58EC9AB}.Release|x64.Build.0 = Release|x64
		{9289ACD9-3678-4947-8883-66DBE58EC9AB}.Release|x86.ActiveCfg = Release|Win32
		{9289ACD9-3678-4947-8883-66DBE58EC9AB}.Release|x86.Build.0 = Release|Win32
	EndGlobalSection
	GlobalSection(SolutionProperties) = preSolution
		HideSolutionNode = FALSE
	EndGlobalSection
	GlobalSection(ExtensibilityGlobals) = postSolution
		SolutionGuid = {28B543EB-B4EF-46C6-99CC-4C32C9581ACB}
	EndGlobalSection
EndGlobal
