
Microsoft Visual Studio Solution File, Format Version 12.00
# Visual Studio 15
VisualStudioVersion = 15.0.28307.902
MinimumVisualStudioVersion = 10.0.40219.1
Project("{8BC9CEB8-8B4A-11D0-8D11-00A0C91BC942}") = "20200305", "20200305\20200305.vcxproj", "{1DBBAABC-134B-4639-BEB9-D29AFB46B117}"
EndProject
Global
	GlobalSection(SolutionConfigurationPlatforms) = preSolution
		Debug|x64 = Debug|x64
		Debug|x86 = Debug|x86
		Release|x64 = Release|x64
		Release|x86 = Release|x86
	EndGlobalSection
	GlobalSection(ProjectConfigurationPlatforms) = postSolution
		{1DBBAABC-134B-4639-BEB9-D29AFB46B117}.Debug|x64.ActiveCfg = Debug|x64
		{1DBBAABC-134B-4639-BEB9-D29AFB46B117}.Debug|x64.Build.0 = Debug|x64
		{1DBBAABC-134B-4639-BEB9-D29AFB46B117}.Debug|x86.ActiveCfg = Debug|Win32
		{1DBBAABC-134B-4639-BEB9-D29AFB46B117}.Debug|x86.Build.0 = Debug|Win32
		{1DBBAABC-134B-4639-BEB9-D29AFB46B117}.Release|x64.ActiveCfg = Release|x64
		{1DBBAABC-134B-4639-BEB9-D29AFB46B117}.Release|x64.Build.0 = Release|x64
		{1DBBAABC-134B-4639-BEB9-D29AFB46B117}.Release|x86.ActiveCfg = Release|Win32
		{1DBBAABC-134B-4639-BEB9-D29AFB46B117}.Release|x86.Build.0 = Release|Win32
	EndGlobalSection
	GlobalSection(SolutionProperties) = preSolution
		HideSolutionNode = FALSE
	EndGlobalSection
	GlobalSection(ExtensibilityGlobals) = postSolution
		SolutionGuid = {76DF9B01-DC3A-44B0-B565-233C64BFA49C}
	EndGlobalSection
EndGlobal
