
Microsoft Visual Studio Solution File, Format Version 12.00
# Visual Studio 15
VisualStudioVersion = 15.0.28307.902
MinimumVisualStudioVersion = 10.0.40219.1
Project("{8BC9CEB8-8B4A-11D0-8D11-00A0C91BC942}") = "20200604", "20200604\20200604.vcxproj", "{9D722AD1-6696-4997-84B8-42F942534E97}"
EndProject
Global
	GlobalSection(SolutionConfigurationPlatforms) = preSolution
		Debug|x64 = Debug|x64
		Debug|x86 = Debug|x86
		Release|x64 = Release|x64
		Release|x86 = Release|x86
	EndGlobalSection
	GlobalSection(ProjectConfigurationPlatforms) = postSolution
		{9D722AD1-6696-4997-84B8-42F942534E97}.Debug|x64.ActiveCfg = Debug|x64
		{9D722AD1-6696-4997-84B8-42F942534E97}.Debug|x64.Build.0 = Debug|x64
		{9D722AD1-6696-4997-84B8-42F942534E97}.Debug|x86.ActiveCfg = Debug|Win32
		{9D722AD1-6696-4997-84B8-42F942534E97}.Debug|x86.Build.0 = Debug|Win32
		{9D722AD1-6696-4997-84B8-42F942534E97}.Release|x64.ActiveCfg = Release|x64
		{9D722AD1-6696-4997-84B8-42F942534E97}.Release|x64.Build.0 = Release|x64
		{9D722AD1-6696-4997-84B8-42F942534E97}.Release|x86.ActiveCfg = Release|Win32
		{9D722AD1-6696-4997-84B8-42F942534E97}.Release|x86.Build.0 = Release|Win32
	EndGlobalSection
	GlobalSection(SolutionProperties) = preSolution
		HideSolutionNode = FALSE
	EndGlobalSection
	GlobalSection(ExtensibilityGlobals) = postSolution
		SolutionGuid = {134B9CB9-6732-487A-98BE-4D2F5305A191}
	EndGlobalSection
EndGlobal
