
Microsoft Visual Studio Solution File, Format Version 12.00
# Visual Studio 15
VisualStudioVersion = 15.0.28307.902
MinimumVisualStudioVersion = 10.0.40219.1
Project("{8BC9CEB8-8B4A-11D0-8D11-00A0C91BC942}") = "20200311", "20200311\20200311.vcxproj", "{B0F690D8-2F45-4B72-8D1A-69AA71CBDD2B}"
EndProject
Global
	GlobalSection(SolutionConfigurationPlatforms) = preSolution
		Debug|x64 = Debug|x64
		Debug|x86 = Debug|x86
		Release|x64 = Release|x64
		Release|x86 = Release|x86
	EndGlobalSection
	GlobalSection(ProjectConfigurationPlatforms) = postSolution
		{B0F690D8-2F45-4B72-8D1A-69AA71CBDD2B}.Debug|x64.ActiveCfg = Debug|x64
		{B0F690D8-2F45-4B72-8D1A-69AA71CBDD2B}.Debug|x64.Build.0 = Debug|x64
		{B0F690D8-2F45-4B72-8D1A-69AA71CBDD2B}.Debug|x86.ActiveCfg = Debug|Win32
		{B0F690D8-2F45-4B72-8D1A-69AA71CBDD2B}.Debug|x86.Build.0 = Debug|Win32
		{B0F690D8-2F45-4B72-8D1A-69AA71CBDD2B}.Release|x64.ActiveCfg = Release|x64
		{B0F690D8-2F45-4B72-8D1A-69AA71CBDD2B}.Release|x64.Build.0 = Release|x64
		{B0F690D8-2F45-4B72-8D1A-69AA71CBDD2B}.Release|x86.ActiveCfg = Release|Win32
		{B0F690D8-2F45-4B72-8D1A-69AA71CBDD2B}.Release|x86.Build.0 = Release|Win32
	EndGlobalSection
	GlobalSection(SolutionProperties) = preSolution
		HideSolutionNode = FALSE
	EndGlobalSection
	GlobalSection(ExtensibilityGlobals) = postSolution
		SolutionGuid = {DB112AB1-C93D-4DFD-8ED1-ADCA9C9256C3}
	EndGlobalSection
EndGlobal
