
Microsoft Visual Studio Solution File, Format Version 12.00
# Visual Studio 15
VisualStudioVersion = 15.0.28307.106
MinimumVisualStudioVersion = 10.0.40219.1
Project("{8BC9CEB8-8B4A-11D0-8D11-00A0C91BC942}") = "20191114", "20191114\20191114.vcxproj", "{A851AA97-4746-43B9-A2A5-1590F201F15F}"
EndProject
Global
	GlobalSection(SolutionConfigurationPlatforms) = preSolution
		Debug|x64 = Debug|x64
		Debug|x86 = Debug|x86
		Release|x64 = Release|x64
		Release|x86 = Release|x86
	EndGlobalSection
	GlobalSection(ProjectConfigurationPlatforms) = postSolution
		{A851AA97-4746-43B9-A2A5-1590F201F15F}.Debug|x64.ActiveCfg = Debug|x64
		{A851AA97-4746-43B9-A2A5-1590F201F15F}.Debug|x64.Build.0 = Debug|x64
		{A851AA97-4746-43B9-A2A5-1590F201F15F}.Debug|x86.ActiveCfg = Debug|Win32
		{A851AA97-4746-43B9-A2A5-1590F201F15F}.Debug|x86.Build.0 = Debug|Win32
		{A851AA97-4746-43B9-A2A5-1590F201F15F}.Release|x64.ActiveCfg = Release|x64
		{A851AA97-4746-43B9-A2A5-1590F201F15F}.Release|x64.Build.0 = Release|x64
		{A851AA97-4746-43B9-A2A5-1590F201F15F}.Release|x86.ActiveCfg = Release|Win32
		{A851AA97-4746-43B9-A2A5-1590F201F15F}.Release|x86.Build.0 = Release|Win32
	EndGlobalSection
	GlobalSection(SolutionProperties) = preSolution
		HideSolutionNode = FALSE
	EndGlobalSection
	GlobalSection(ExtensibilityGlobals) = postSolution
		SolutionGuid = {2A2B48A0-59B1-432D-A40D-FA4368856AB5}
	EndGlobalSection
EndGlobal
