
Microsoft Visual Studio Solution File, Format Version 12.00
# Visual Studio 15
VisualStudioVersion = 15.0.28307.902
MinimumVisualStudioVersion = 10.0.40219.1
Project("{8BC9CEB8-8B4A-11D0-8D11-00A0C91BC942}") = "20200501", "20200501\20200501.vcxproj", "{A38AF9EC-D6B4-4623-9CA5-F24A98F7F3D2}"
EndProject
Global
	GlobalSection(SolutionConfigurationPlatforms) = preSolution
		Debug|x64 = Debug|x64
		Debug|x86 = Debug|x86
		Release|x64 = Release|x64
		Release|x86 = Release|x86
	EndGlobalSection
	GlobalSection(ProjectConfigurationPlatforms) = postSolution
		{A38AF9EC-D6B4-4623-9CA5-F24A98F7F3D2}.Debug|x64.ActiveCfg = Debug|x64
		{A38AF9EC-D6B4-4623-9CA5-F24A98F7F3D2}.Debug|x64.Build.0 = Debug|x64
		{A38AF9EC-D6B4-4623-9CA5-F24A98F7F3D2}.Debug|x86.ActiveCfg = Debug|Win32
		{A38AF9EC-D6B4-4623-9CA5-F24A98F7F3D2}.Debug|x86.Build.0 = Debug|Win32
		{A38AF9EC-D6B4-4623-9CA5-F24A98F7F3D2}.Release|x64.ActiveCfg = Release|x64
		{A38AF9EC-D6B4-4623-9CA5-F24A98F7F3D2}.Release|x64.Build.0 = Release|x64
		{A38AF9EC-D6B4-4623-9CA5-F24A98F7F3D2}.Release|x86.ActiveCfg = Release|Win32
		{A38AF9EC-D6B4-4623-9CA5-F24A98F7F3D2}.Release|x86.Build.0 = Release|Win32
	EndGlobalSection
	GlobalSection(SolutionProperties) = preSolution
		HideSolutionNode = FALSE
	EndGlobalSection
	GlobalSection(ExtensibilityGlobals) = postSolution
		SolutionGuid = {3DAB1920-FD6E-4FB6-BE8B-0F7AEF577E0D}
	EndGlobalSection
EndGlobal
